
Microsoft Visual Studio Solution File, Format Version 12.00
# Visual Studio Version 16
VisualStudioVersion = 16.0.31424.327
MinimumVisualStudioVersion = 10.0.40219.1
Project("{FAE04EC0-301F-11D3-BF4B-00C04F79EFBC}") = "BusResrvation", "BusResrvation.csproj", "{B11D2B6B-EBA0-45FE-A523-F365BD3FD594}"
EndProject
Global
	GlobalSection(SolutionConfigurationPlatforms) = preSolution
		Debug|Any CPU = Debug|Any CPU
		Release|Any CPU = Release|Any CPU
	EndGlobalSection
	GlobalSection(ProjectConfigurationPlatforms) = postSolution
		{B11D2B6B-EBA0-45FE-A523-F365BD3FD594}.Debug|Any CPU.ActiveCfg = Debug|Any CPU
		{B11D2B6B-EBA0-45FE-A523-F365BD3FD594}.Debug|Any CPU.Build.0 = Debug|Any CPU
		{B11D2B6B-EBA0-45FE-A523-F365BD3FD594}.Release|Any CPU.ActiveCfg = Release|Any CPU
		{B11D2B6B-EBA0-45FE-A523-F365BD3FD594}.Release|Any CPU.Build.0 = Release|Any CPU
	EndGlobalSection
	GlobalSection(SolutionProperties) = preSolution
		HideSolutionNode = FALSE
	EndGlobalSection
	GlobalSection(ExtensibilityGlobals) = postSolution
		SolutionGuid = {D58F3269-29A6-4417-82B2-B1A1D1BE4551}
	EndGlobalSection
EndGlobal
